
Microsoft Visual Studio Solution File, Format Version 12.00
# Visual Studio Version 17
VisualStudioVersion = 17.9.34723.18
MinimumVisualStudioVersion = 10.0.40219.1
Project("{FAE04EC0-301F-11D3-BF4B-00C04F79EFBC}") = "ConsoleApp3", "ConsoleApp3\ConsoleApp3.csproj", "{09665F52-B027-4A90-BEF3-7D9A812A62D9}"
EndProject
Global
	GlobalSection(SolutionConfigurationPlatforms) = preSolution
		Debug|Any CPU = Debug|Any CPU
		Release|Any CPU = Release|Any CPU
	EndGlobalSection
	GlobalSection(ProjectConfigurationPlatforms) = postSolution
		{09665F52-B027-4A90-BEF3-7D9A812A62D9}.Debug|Any CPU.ActiveCfg = Debug|Any CPU
		{09665F52-B027-4A90-BEF3-7D9A812A62D9}.Debug|Any CPU.Build.0 = Debug|Any CPU
		{09665F52-B027-4A90-BEF3-7D9A812A62D9}.Release|Any CPU.ActiveCfg = Release|Any CPU
		{09665F52-B027-4A90-BEF3-7D9A812A62D9}.Release|Any CPU.Build.0 = Release|Any CPU
	EndGlobalSection
	GlobalSection(SolutionProperties) = preSolution
		HideSolutionNode = FALSE
	EndGlobalSection
	GlobalSection(ExtensibilityGlobals) = postSolution
		SolutionGuid = {F14D7F81-A572-45D4-8B47-99E39D7B7C42}
	EndGlobalSection
EndGlobal
